// !$*UTF8*$!
{
	archiveVersion = 1;
	classes = {
	};
	objectVersion = 56;
	objects = {

/* Begin PBXBuildFile section */
		0E20FE142BCAA2B900DBAEA2 /* ProfileWithUserView.swift in Sources */ = {isa = PBXBuildFile; fileRef = 0E20FE132BCAA2B900DBAEA2 /* ProfileWithUserView.swift */; };
		0E20FE162BCAA2E600DBAEA2 /* ProfileWithGuestUserView.swift in Sources */ = {isa = PBXBuildFile; fileRef = 0E20FE152BCAA2E600DBAEA2 /* ProfileWithGuestUserView.swift */; };
		0E20FE182BCAA4EF00DBAEA2 /* ButtonLabelWithColor.swift in Sources */ = {isa = PBXBuildFile; fileRef = 0E20FE172BCAA4EF00DBAEA2 /* ButtonLabelWithColor.swift */; };
		0E20FE1A2BCAA96000DBAEA2 /* Colors.swift in Sources */ = {isa = PBXBuildFile; fileRef = 0E20FE192BCAA96000DBAEA2 /* Colors.swift */; };
		0E20FE1C2BCAB65600DBAEA2 /* AirbnbYourPlace.swift in Sources */ = {isa = PBXBuildFile; fileRef = 0E20FE1B2BCAB65600DBAEA2 /* AirbnbYourPlace.swift */; };
		0E20FE1E2BCAC03900DBAEA2 /* SettingsItemLabel.swift in Sources */ = {isa = PBXBuildFile; fileRef = 0E20FE1D2BCAC03900DBAEA2 /* SettingsItemLabel.swift */; };
		0E4ED2902BBEFA1100C34A8F /* AirbnbApp.swift in Sources */ = {isa = PBXBuildFile; fileRef = 0E4ED28F2BBEFA1100C34A8F /* AirbnbApp.swift */; };
		0E4ED2922BBEFA1100C34A8F /* TabBarView.swift in Sources */ = {isa = PBXBuildFile; fileRef = 0E4ED2912BBEFA1100C34A8F /* TabBarView.swift */; };
		0E4ED2942BBEFA1300C34A8F /* Assets.xcassets in Resources */ = {isa = PBXBuildFile; fileRef = 0E4ED2932BBEFA1300C34A8F /* Assets.xcassets */; };
		0E4ED2972BBEFA1300C34A8F /* Preview Assets.xcassets in Resources */ = {isa = PBXBuildFile; fileRef = 0E4ED2962BBEFA1300C34A8F /* Preview Assets.xcassets */; };
		0E4ED2A12BBEFA1300C34A8F /* AirbnbTests.swift in Sources */ = {isa = PBXBuildFile; fileRef = 0E4ED2A02BBEFA1300C34A8F /* AirbnbTests.swift */; };
		0E4ED2AB2BBEFA1300C34A8F /* AirbnbUITests.swift in Sources */ = {isa = PBXBuildFile; fileRef = 0E4ED2AA2BBEFA1300C34A8F /* AirbnbUITests.swift */; };
		0E4ED2AD2BBEFA1300C34A8F /* AirbnbUITestsLaunchTests.swift in Sources */ = {isa = PBXBuildFile; fileRef = 0E4ED2AC2BBEFA1300C34A8F /* AirbnbUITestsLaunchTests.swift */; };
		0E4ED2C32BBFEF7E00C34A8F /* AuthentificationView.swift in Sources */ = {isa = PBXBuildFile; fileRef = 0E4ED2C22BBFEF7E00C34A8F /* AuthentificationView.swift */; };
		0E4ED2C52BC0007300C34A8F /* TextFieldCustom.swift in Sources */ = {isa = PBXBuildFile; fileRef = 0E4ED2C42BC0007300C34A8F /* TextFieldCustom.swift */; };
		0E4ED2C72BC001B300C34A8F /* ButtonLabelWithRectangle.swift in Sources */ = {isa = PBXBuildFile; fileRef = 0E4ED2C62BC001B300C34A8F /* ButtonLabelWithRectangle.swift */; };
		0E4ED2C92BC0232D00C34A8F /* SignupView.swift in Sources */ = {isa = PBXBuildFile; fileRef = 0E4ED2C82BC0232D00C34A8F /* SignupView.swift */; };
		0E4ED2CC2BC04F3300C34A8F /* TextAuthentificationForm.swift in Sources */ = {isa = PBXBuildFile; fileRef = 0E4ED2CB2BC04F3300C34A8F /* TextAuthentificationForm.swift */; };
		0E4ED2CE2BC055FA00C34A8F /* AddPassword.swift in Sources */ = {isa = PBXBuildFile; fileRef = 0E4ED2CD2BC055FA00C34A8F /* AddPassword.swift */; };
		0E4ED2D82BC066EE00C34A8F /* ExploreView.swift in Sources */ = {isa = PBXBuildFile; fileRef = 0E4ED2D72BC066EE00C34A8F /* ExploreView.swift */; };
		0E4ED2DA2BC0670B00C34A8F /* WishlistsView.swift in Sources */ = {isa = PBXBuildFile; fileRef = 0E4ED2D92BC0670B00C34A8F /* WishlistsView.swift */; };
		0E4ED2DC2BC0672E00C34A8F /* TripsView.swift in Sources */ = {isa = PBXBuildFile; fileRef = 0E4ED2DB2BC0672E00C34A8F /* TripsView.swift */; };
		0E4ED2DE2BC0674700C34A8F /* InboxView.swift in Sources */ = {isa = PBXBuildFile; fileRef = 0E4ED2DD2BC0674700C34A8F /* InboxView.swift */; };
		0E4ED2E02BC0675200C34A8F /* ProfileView.swift in Sources */ = {isa = PBXBuildFile; fileRef = 0E4ED2DF2BC0675200C34A8F /* ProfileView.swift */; };
		0E7275382BC5401B00B1778D /* SearchBarCustom.swift in Sources */ = {isa = PBXBuildFile; fileRef = 0E7275372BC5401B00B1778D /* SearchBarCustom.swift */; };
		0E72753A2BC5467200B1778D /* ExploreFilterView.swift in Sources */ = {isa = PBXBuildFile; fileRef = 0E7275392BC5467200B1778D /* ExploreFilterView.swift */; };
		0E72753C2BC5900200B1778D /* BubbleArrayList.swift in Sources */ = {isa = PBXBuildFile; fileRef = 0E72753B2BC5900200B1778D /* BubbleArrayList.swift */; };
		0E72753E2BC6800D00B1778D /* PropertyTypeLabel.swift in Sources */ = {isa = PBXBuildFile; fileRef = 0E72753D2BC6800D00B1778D /* PropertyTypeLabel.swift */; };
		0E7275432BC6A05C00B1778D /* CheckboxShape.swift in Sources */ = {isa = PBXBuildFile; fileRef = 0E7275422BC6A05C00B1778D /* CheckboxShape.swift */; };
		0E7275452BC6B6FB00B1778D /* OptionsList.swift in Sources */ = {isa = PBXBuildFile; fileRef = 0E7275442BC6B6FB00B1778D /* OptionsList.swift */; };
		0E7275472BC6D43300B1778D /* BookingOption.swift in Sources */ = {isa = PBXBuildFile; fileRef = 0E7275462BC6D43300B1778D /* BookingOption.swift */; };
		0E7800BF2BC7D923007130E5 /* HardcodedData.swift in Sources */ = {isa = PBXBuildFile; fileRef = 0E7800BE2BC7D923007130E5 /* HardcodedData.swift */; };
		0E7800C12BC80321007130E5 /* PropertyTypesMenu.swift in Sources */ = {isa = PBXBuildFile; fileRef = 0E7800C02BC80321007130E5 /* PropertyTypesMenu.swift */; };
		0E7800C32BC92FC7007130E5 /* PostView.swift in Sources */ = {isa = PBXBuildFile; fileRef = 0E7800C22BC92FC7007130E5 /* PostView.swift */; };
		0E7800C52BC93683007130E5 /* Post.swift in Sources */ = {isa = PBXBuildFile; fileRef = 0E7800C42BC93683007130E5 /* Post.swift */; };
		0E7800C72BC936DD007130E5 /* User.swift in Sources */ = {isa = PBXBuildFile; fileRef = 0E7800C62BC936DD007130E5 /* User.swift */; };
		0E7800CB2BC94310007130E5 /* ImageSwiper.swift in Sources */ = {isa = PBXBuildFile; fileRef = 0E7800CA2BC94310007130E5 /* ImageSwiper.swift */; };
		0E7800CD2BC96B96007130E5 /* PostDetailsView.swift in Sources */ = {isa = PBXBuildFile; fileRef = 0E7800CC2BC96B96007130E5 /* PostDetailsView.swift */; };
		0E7800CF2BC96E3C007130E5 /* LoveButton.swift in Sources */ = {isa = PBXBuildFile; fileRef = 0E7800CE2BC96E3C007130E5 /* LoveButton.swift */; };
		0E7800D12BC97217007130E5 /* RatingCounter.swift in Sources */ = {isa = PBXBuildFile; fileRef = 0E7800D02BC97217007130E5 /* RatingCounter.swift */; };
		0E7800D32BC98131007130E5 /* ImagesSwiperWithCounter.swift in Sources */ = {isa = PBXBuildFile; fileRef = 0E7800D22BC98131007130E5 /* ImagesSwiperWithCounter.swift */; };
		0E7BF1162BCD2B76009379B6 /* PersonalInformationView.swift in Sources */ = {isa = PBXBuildFile; fileRef = 0E7BF1152BCD2B76009379B6 /* PersonalInformationView.swift */; };
		0E7BF1182BCD2B97009379B6 /* PaymentsAndPayoutsView.swift in Sources */ = {isa = PBXBuildFile; fileRef = 0E7BF1172BCD2B97009379B6 /* PaymentsAndPayoutsView.swift */; };
		0E7BF11A2BCD2BA6009379B6 /* TaxesView.swift in Sources */ = {isa = PBXBuildFile; fileRef = 0E7BF1192BCD2BA6009379B6 /* TaxesView.swift */; };
		0E7BF11C2BCD2BB8009379B6 /* LoginAndSecurityView.swift in Sources */ = {isa = PBXBuildFile; fileRef = 0E7BF11B2BCD2BB8009379B6 /* LoginAndSecurityView.swift */; };
		0E7BF11E2BCD2BCC009379B6 /* AccessibilityView.swift in Sources */ = {isa = PBXBuildFile; fileRef = 0E7BF11D2BCD2BCC009379B6 /* AccessibilityView.swift */; };
		0E7BF1202BCD2BDA009379B6 /* TranslationView.swift in Sources */ = {isa = PBXBuildFile; fileRef = 0E7BF11F2BCD2BDA009379B6 /* TranslationView.swift */; };
		0E7BF1222BCD2BE9009379B6 /* NotificationsView.swift in Sources */ = {isa = PBXBuildFile; fileRef = 0E7BF1212BCD2BE9009379B6 /* NotificationsView.swift */; };
		0E7BF1242BCD2C03009379B6 /* PrivacyAndSharingView.swift in Sources */ = {isa = PBXBuildFile; fileRef = 0E7BF1232BCD2C03009379B6 /* PrivacyAndSharingView.swift */; };
		0E7BF1262BCD2C1F009379B6 /* SwitchToHostingView.swift in Sources */ = {isa = PBXBuildFile; fileRef = 0E7BF1252BCD2C1F009379B6 /* SwitchToHostingView.swift */; };
		0E7BF1282BCD2C54009379B6 /* ListYourSpaceView.swift in Sources */ = {isa = PBXBuildFile; fileRef = 0E7BF1272BCD2C54009379B6 /* ListYourSpaceView.swift */; };
		0E7BF12A2BCD2C65009379B6 /* YourGuidebooksView.swift in Sources */ = {isa = PBXBuildFile; fileRef = 0E7BF1292BCD2C65009379B6 /* YourGuidebooksView.swift */; };
		0E7BF12C2BCD2C7A009379B6 /* SiriSettingsView.swift in Sources */ = {isa = PBXBuildFile; fileRef = 0E7BF12B2BCD2C7A009379B6 /* SiriSettingsView.swift */; };
		0E7BF12E2BCD2C9A009379B6 /* HowAirbnbWorksView.swift in Sources */ = {isa = PBXBuildFile; fileRef = 0E7BF12D2BCD2C9A009379B6 /* HowAirbnbWorksView.swift */; };
		0E7BF1302BCD2CB3009379B6 /* SafetyIssueView.swift in Sources */ = {isa = PBXBuildFile; fileRef = 0E7BF12F2BCD2CB3009379B6 /* SafetyIssueView.swift */; };
		0E7BF1322BCD2CC1009379B6 /* ReportView.swift in Sources */ = {isa = PBXBuildFile; fileRef = 0E7BF1312BCD2CC1009379B6 /* ReportView.swift */; };
		0E7BF1342BCD2CE1009379B6 /* GetHelpView.swift in Sources */ = {isa = PBXBuildFile; fileRef = 0E7BF1332BCD2CE1009379B6 /* GetHelpView.swift */; };
		0E7BF1362BCD2CF3009379B6 /* FeedbackView.swift in Sources */ = {isa = PBXBuildFile; fileRef = 0E7BF1352BCD2CF3009379B6 /* FeedbackView.swift */; };
		0E7BF1382BCD2D08009379B6 /* TermsOfServiceView.swift in Sources */ = {isa = PBXBuildFile; fileRef = 0E7BF1372BCD2D08009379B6 /* TermsOfServiceView.swift */; };
		0E7BF13A2BCD2D1B009379B6 /* PrivacyPolicyView.swift in Sources */ = {isa = PBXBuildFile; fileRef = 0E7BF1392BCD2D1B009379B6 /* PrivacyPolicyView.swift */; };
		0E7BF13C2BCD2D8C009379B6 /* OpenSourceLicencesView.swift in Sources */ = {isa = PBXBuildFile; fileRef = 0E7BF13B2BCD2D8C009379B6 /* OpenSourceLicencesView.swift */; };
		0E7BF1442BCD3152009379B6 /* SettingsView.swift in Sources */ = {isa = PBXBuildFile; fileRef = 0E7BF1432BCD3152009379B6 /* SettingsView.swift */; };
		0E7BF1462BCD316A009379B6 /* ThirdPartyToolsView.swift in Sources */ = {isa = PBXBuildFile; fileRef = 0E7BF1452BCD316A009379B6 /* ThirdPartyToolsView.swift */; };
		0E7BF1482BCD53C0009379B6 /* ShowProfileView.swift in Sources */ = {isa = PBXBuildFile; fileRef = 0E7BF1472BCD53C0009379B6 /* ShowProfileView.swift */; };
		0E7BF14A2BCD53DC009379B6 /* AirbnbYourPlaceView.swift in Sources */ = {isa = PBXBuildFile; fileRef = 0E7BF1492BCD53DC009379B6 /* AirbnbYourPlaceView.swift */; };
		0E7BF14C2BCD7169009379B6 /* HelpCentreView.swift in Sources */ = {isa = PBXBuildFile; fileRef = 0E7BF14B2BCD7169009379B6 /* HelpCentreView.swift */; };
		0E7BF14E2BCD8513009379B6 /* PersonalInfoItem.swift in Sources */ = {isa = PBXBuildFile; fileRef = 0E7BF14D2BCD8513009379B6 /* PersonalInfoItem.swift */; };
		0E7BF1502BCD8D40009379B6 /* BackButtonLabel.swift in Sources */ = {isa = PBXBuildFile; fileRef = 0E7BF14F2BCD8D40009379B6 /* BackButtonLabel.swift */; };
		0E7BF1522BCDB089009379B6 /* CreateProfileView.swift in Sources */ = {isa = PBXBuildFile; fileRef = 0E7BF1512BCDB089009379B6 /* CreateProfileView.swift */; };
		0E7BF1542BCDB99D009379B6 /* XButtonLabel.swift in Sources */ = {isa = PBXBuildFile; fileRef = 0E7BF1532BCDB99D009379B6 /* XButtonLabel.swift */; };
/* End PBXBuildFile section */

/* Begin PBXContainerItemProxy section */
		0E4ED29D2BBEFA1300C34A8F /* PBXContainerItemProxy */ = {
			isa = PBXContainerItemProxy;
			containerPortal = 0E4ED2842BBEFA1100C34A8F /* Project object */;
			proxyType = 1;
			remoteGlobalIDString = 0E4ED28B2BBEFA1100C34A8F;
			remoteInfo = Airbnb;
		};
		0E4ED2A72BBEFA1300C34A8F /* PBXContainerItemProxy */ = {
			isa = PBXContainerItemProxy;
			containerPortal = 0E4ED2842BBEFA1100C34A8F /* Project object */;
			proxyType = 1;
			remoteGlobalIDString = 0E4ED28B2BBEFA1100C34A8F;
			remoteInfo = Airbnb;
		};
/* End PBXContainerItemProxy section */

/* Begin PBXFileReference section */
		0E20FE132BCAA2B900DBAEA2 /* ProfileWithUserView.swift */ = {isa = PBXFileReference; lastKnownFileType = sourcecode.swift; path = ProfileWithUserView.swift; sourceTree = "<group>"; };
		0E20FE152BCAA2E600DBAEA2 /* ProfileWithGuestUserView.swift */ = {isa = PBXFileReference; lastKnownFileType = sourcecode.swift; path = ProfileWithGuestUserView.swift; sourceTree = "<group>"; };
		0E20FE172BCAA4EF00DBAEA2 /* ButtonLabelWithColor.swift */ = {isa = PBXFileReference; lastKnownFileType = sourcecode.swift; path = ButtonLabelWithColor.swift; sourceTree = "<group>"; };
		0E20FE192BCAA96000DBAEA2 /* Colors.swift */ = {isa = PBXFileReference; lastKnownFileType = sourcecode.swift; path = Colors.swift; sourceTree = "<group>"; };
		0E20FE1B2BCAB65600DBAEA2 /* AirbnbYourPlace.swift */ = {isa = PBXFileReference; lastKnownFileType = sourcecode.swift; path = AirbnbYourPlace.swift; sourceTree = "<group>"; };
		0E20FE1D2BCAC03900DBAEA2 /* SettingsItemLabel.swift */ = {isa = PBXFileReference; lastKnownFileType = sourcecode.swift; path = SettingsItemLabel.swift; sourceTree = "<group>"; };
		0E4ED28C2BBEFA1100C34A8F /* Airbnb.app */ = {isa = PBXFileReference; explicitFileType = wrapper.application; includeInIndex = 0; path = Airbnb.app; sourceTree = BUILT_PRODUCTS_DIR; };
		0E4ED28F2BBEFA1100C34A8F /* AirbnbApp.swift */ = {isa = PBXFileReference; lastKnownFileType = sourcecode.swift; path = AirbnbApp.swift; sourceTree = "<group>"; };
		0E4ED2912BBEFA1100C34A8F /* TabBarView.swift */ = {isa = PBXFileReference; lastKnownFileType = sourcecode.swift; path = TabBarView.swift; sourceTree = "<group>"; };
		0E4ED2932BBEFA1300C34A8F /* Assets.xcassets */ = {isa = PBXFileReference; lastKnownFileType = folder.assetcatalog; path = Assets.xcassets; sourceTree = "<group>"; };
		0E4ED2962BBEFA1300C34A8F /* Preview Assets.xcassets */ = {isa = PBXFileReference; lastKnownFileType = folder.assetcatalog; path = "Preview Assets.xcassets"; sourceTree = "<group>"; };
		0E4ED29C2BBEFA1300C34A8F /* AirbnbTests.xctest */ = {isa = PBXFileReference; explicitFileType = wrapper.cfbundle; includeInIndex = 0; path = AirbnbTests.xctest; sourceTree = BUILT_PRODUCTS_DIR; };
		0E4ED2A02BBEFA1300C34A8F /* AirbnbTests.swift */ = {isa = PBXFileReference; lastKnownFileType = sourcecode.swift; path = AirbnbTests.swift; sourceTree = "<group>"; };
		0E4ED2A62BBEFA1300C34A8F /* AirbnbUITests.xctest */ = {isa = PBXFileReference; explicitFileType = wrapper.cfbundle; includeInIndex = 0; path = AirbnbUITests.xctest; sourceTree = BUILT_PRODUCTS_DIR; };
		0E4ED2AA2BBEFA1300C34A8F /* AirbnbUITests.swift */ = {isa = PBXFileReference; lastKnownFileType = sourcecode.swift; path = AirbnbUITests.swift; sourceTree = "<group>"; };
		0E4ED2AC2BBEFA1300C34A8F /* AirbnbUITestsLaunchTests.swift */ = {isa = PBXFileReference; lastKnownFileType = sourcecode.swift; path = AirbnbUITestsLaunchTests.swift; sourceTree = "<group>"; };
		0E4ED2C22BBFEF7E00C34A8F /* AuthentificationView.swift */ = {isa = PBXFileReference; lastKnownFileType = sourcecode.swift; path = AuthentificationView.swift; sourceTree = "<group>"; };
		0E4ED2C42BC0007300C34A8F /* TextFieldCustom.swift */ = {isa = PBXFileReference; lastKnownFileType = sourcecode.swift; path = TextFieldCustom.swift; sourceTree = "<group>"; };
		0E4ED2C62BC001B300C34A8F /* ButtonLabelWithRectangle.swift */ = {isa = PBXFileReference; lastKnownFileType = sourcecode.swift; path = ButtonLabelWithRectangle.swift; sourceTree = "<group>"; };
		0E4ED2C82BC0232D00C34A8F /* SignupView.swift */ = {isa = PBXFileReference; lastKnownFileType = sourcecode.swift; path = SignupView.swift; sourceTree = "<group>"; };
		0E4ED2CB2BC04F3300C34A8F /* TextAuthentificationForm.swift */ = {isa = PBXFileReference; lastKnownFileType = sourcecode.swift; path = TextAuthentificationForm.swift; sourceTree = "<group>"; };
		0E4ED2CD2BC055FA00C34A8F /* AddPassword.swift */ = {isa = PBXFileReference; lastKnownFileType = sourcecode.swift; path = AddPassword.swift; sourceTree = "<group>"; };
		0E4ED2D72BC066EE00C34A8F /* ExploreView.swift */ = {isa = PBXFileReference; lastKnownFileType = sourcecode.swift; path = ExploreView.swift; sourceTree = "<group>"; };
		0E4ED2D92BC0670B00C34A8F /* WishlistsView.swift */ = {isa = PBXFileReference; lastKnownFileType = sourcecode.swift; path = WishlistsView.swift; sourceTree = "<group>"; };
		0E4ED2DB2BC0672E00C34A8F /* TripsView.swift */ = {isa = PBXFileReference; lastKnownFileType = sourcecode.swift; path = TripsView.swift; sourceTree = "<group>"; };
		0E4ED2DD2BC0674700C34A8F /* InboxView.swift */ = {isa = PBXFileReference; lastKnownFileType = sourcecode.swift; path = InboxView.swift; sourceTree = "<group>"; };
		0E4ED2DF2BC0675200C34A8F /* ProfileView.swift */ = {isa = PBXFileReference; lastKnownFileType = sourcecode.swift; path = ProfileView.swift; sourceTree = "<group>"; };
		0E7275372BC5401B00B1778D /* SearchBarCustom.swift */ = {isa = PBXFileReference; lastKnownFileType = sourcecode.swift; path = SearchBarCustom.swift; sourceTree = "<group>"; };
		0E7275392BC5467200B1778D /* ExploreFilterView.swift */ = {isa = PBXFileReference; lastKnownFileType = sourcecode.swift; path = ExploreFilterView.swift; sourceTree = "<group>"; };
		0E72753B2BC5900200B1778D /* BubbleArrayList.swift */ = {isa = PBXFileReference; lastKnownFileType = sourcecode.swift; path = BubbleArrayList.swift; sourceTree = "<group>"; };
		0E72753D2BC6800D00B1778D /* PropertyTypeLabel.swift */ = {isa = PBXFileReference; lastKnownFileType = sourcecode.swift; path = PropertyTypeLabel.swift; sourceTree = "<group>"; };
		0E7275422BC6A05C00B1778D /* CheckboxShape.swift */ = {isa = PBXFileReference; lastKnownFileType = sourcecode.swift; path = CheckboxShape.swift; sourceTree = "<group>"; };
		0E7275442BC6B6FB00B1778D /* OptionsList.swift */ = {isa = PBXFileReference; lastKnownFileType = sourcecode.swift; path = OptionsList.swift; sourceTree = "<group>"; };
		0E7275462BC6D43300B1778D /* BookingOption.swift */ = {isa = PBXFileReference; lastKnownFileType = sourcecode.swift; path = BookingOption.swift; sourceTree = "<group>"; };
		0E7800BE2BC7D923007130E5 /* HardcodedData.swift */ = {isa = PBXFileReference; lastKnownFileType = sourcecode.swift; path = HardcodedData.swift; sourceTree = "<group>"; };
		0E7800C02BC80321007130E5 /* PropertyTypesMenu.swift */ = {isa = PBXFileReference; lastKnownFileType = sourcecode.swift; path = PropertyTypesMenu.swift; sourceTree = "<group>"; };
		0E7800C22BC92FC7007130E5 /* PostView.swift */ = {isa = PBXFileReference; lastKnownFileType = sourcecode.swift; path = PostView.swift; sourceTree = "<group>"; };
		0E7800C42BC93683007130E5 /* Post.swift */ = {isa = PBXFileReference; lastKnownFileType = sourcecode.swift; path = Post.swift; sourceTree = "<group>"; };
		0E7800C62BC936DD007130E5 /* User.swift */ = {isa = PBXFileReference; lastKnownFileType = sourcecode.swift; path = User.swift; sourceTree = "<group>"; };
		0E7800CA2BC94310007130E5 /* ImageSwiper.swift */ = {isa = PBXFileReference; lastKnownFileType = sourcecode.swift; path = ImageSwiper.swift; sourceTree = "<group>"; };
		0E7800CC2BC96B96007130E5 /* PostDetailsView.swift */ = {isa = PBXFileReference; lastKnownFileType = sourcecode.swift; path = PostDetailsView.swift; sourceTree = "<group>"; };
		0E7800CE2BC96E3C007130E5 /* LoveButton.swift */ = {isa = PBXFileReference; lastKnownFileType = sourcecode.swift; path = LoveButton.swift; sourceTree = "<group>"; };
		0E7800D02BC97217007130E5 /* RatingCounter.swift */ = {isa = PBXFileReference; lastKnownFileType = sourcecode.swift; path = RatingCounter.swift; sourceTree = "<group>"; };
		0E7800D22BC98131007130E5 /* ImagesSwiperWithCounter.swift */ = {isa = PBXFileReference; lastKnownFileType = sourcecode.swift; path = ImagesSwiperWithCounter.swift; sourceTree = "<group>"; };
		0E7BF1152BCD2B76009379B6 /* PersonalInformationView.swift */ = {isa = PBXFileReference; lastKnownFileType = sourcecode.swift; path = PersonalInformationView.swift; sourceTree = "<group>"; };
		0E7BF1172BCD2B97009379B6 /* PaymentsAndPayoutsView.swift */ = {isa = PBXFileReference; lastKnownFileType = sourcecode.swift; path = PaymentsAndPayoutsView.swift; sourceTree = "<group>"; };
		0E7BF1192BCD2BA6009379B6 /* TaxesView.swift */ = {isa = PBXFileReference; lastKnownFileType = sourcecode.swift; path = TaxesView.swift; sourceTree = "<group>"; };
		0E7BF11B2BCD2BB8009379B6 /* LoginAndSecurityView.swift */ = {isa = PBXFileReference; lastKnownFileType = sourcecode.swift; path = LoginAndSecurityView.swift; sourceTree = "<group>"; };
		0E7BF11D2BCD2BCC009379B6 /* AccessibilityView.swift */ = {isa = PBXFileReference; lastKnownFileType = sourcecode.swift; path = AccessibilityView.swift; sourceTree = "<group>"; };
		0E7BF11F2BCD2BDA009379B6 /* TranslationView.swift */ = {isa = PBXFileReference; lastKnownFileType = sourcecode.swift; path = TranslationView.swift; sourceTree = "<group>"; };
		0E7BF1212BCD2BE9009379B6 /* NotificationsView.swift */ = {isa = PBXFileReference; lastKnownFileType = sourcecode.swift; path = NotificationsView.swift; sourceTree = "<group>"; };
		0E7BF1232BCD2C03009379B6 /* PrivacyAndSharingView.swift */ = {isa = PBXFileReference; lastKnownFileType = sourcecode.swift; path = PrivacyAndSharingView.swift; sourceTree = "<group>"; };
		0E7BF1252BCD2C1F009379B6 /* SwitchToHostingView.swift */ = {isa = PBXFileReference; lastKnownFileType = sourcecode.swift; path = SwitchToHostingView.swift; sourceTree = "<group>"; };
		0E7BF1272BCD2C54009379B6 /* ListYourSpaceView.swift */ = {isa = PBXFileReference; lastKnownFileType = sourcecode.swift; path = ListYourSpaceView.swift; sourceTree = "<group>"; };
		0E7BF1292BCD2C65009379B6 /* YourGuidebooksView.swift */ = {isa = PBXFileReference; lastKnownFileType = sourcecode.swift; path = YourGuidebooksView.swift; sourceTree = "<group>"; };
		0E7BF12B2BCD2C7A009379B6 /* SiriSettingsView.swift */ = {isa = PBXFileReference; lastKnownFileType = sourcecode.swift; path = SiriSettingsView.swift; sourceTree = "<group>"; };
		0E7BF12D2BCD2C9A009379B6 /* HowAirbnbWorksView.swift */ = {isa = PBXFileReference; lastKnownFileType = sourcecode.swift; path = HowAirbnbWorksView.swift; sourceTree = "<group>"; };
		0E7BF12F2BCD2CB3009379B6 /* SafetyIssueView.swift */ = {isa = PBXFileReference; lastKnownFileType = sourcecode.swift; path = SafetyIssueView.swift; sourceTree = "<group>"; };
		0E7BF1312BCD2CC1009379B6 /* ReportView.swift */ = {isa = PBXFileReference; lastKnownFileType = sourcecode.swift; path = ReportView.swift; sourceTree = "<group>"; };
		0E7BF1332BCD2CE1009379B6 /* GetHelpView.swift */ = {isa = PBXFileReference; lastKnownFileType = sourcecode.swift; path = GetHelpView.swift; sourceTree = "<group>"; };
		0E7BF1352BCD2CF3009379B6 /* FeedbackView.swift */ = {isa = PBXFileReference; lastKnownFileType = sourcecode.swift; path = FeedbackView.swift; sourceTree = "<group>"; };
		0E7BF1372BCD2D08009379B6 /* TermsOfServiceView.swift */ = {isa = PBXFileReference; lastKnownFileType = sourcecode.swift; path = TermsOfServiceView.swift; sourceTree = "<group>"; };
		0E7BF1392BCD2D1B009379B6 /* PrivacyPolicyView.swift */ = {isa = PBXFileReference; lastKnownFileType = sourcecode.swift; path = PrivacyPolicyView.swift; sourceTree = "<group>"; };
		0E7BF13B2BCD2D8C009379B6 /* OpenSourceLicencesView.swift */ = {isa = PBXFileReference; lastKnownFileType = sourcecode.swift; path = OpenSourceLicencesView.swift; sourceTree = "<group>"; };
		0E7BF1432BCD3152009379B6 /* SettingsView.swift */ = {isa = PBXFileReference; lastKnownFileType = sourcecode.swift; path = SettingsView.swift; sourceTree = "<group>"; };
		0E7BF1452BCD316A009379B6 /* ThirdPartyToolsView.swift */ = {isa = PBXFileReference; lastKnownFileType = sourcecode.swift; path = ThirdPartyToolsView.swift; sourceTree = "<group>"; };
		0E7BF1472BCD53C0009379B6 /* ShowProfileView.swift */ = {isa = PBXFileReference; lastKnownFileType = sourcecode.swift; path = ShowProfileView.swift; sourceTree = "<group>"; };
		0E7BF1492BCD53DC009379B6 /* AirbnbYourPlaceView.swift */ = {isa = PBXFileReference; lastKnownFileType = sourcecode.swift; path = AirbnbYourPlaceView.swift; sourceTree = "<group>"; };
		0E7BF14B2BCD7169009379B6 /* HelpCentreView.swift */ = {isa = PBXFileReference; lastKnownFileType = sourcecode.swift; path = HelpCentreView.swift; sourceTree = "<group>"; };
		0E7BF14D2BCD8513009379B6 /* PersonalInfoItem.swift */ = {isa = PBXFileReference; lastKnownFileType = sourcecode.swift; path = PersonalInfoItem.swift; sourceTree = "<group>"; };
		0E7BF14F2BCD8D40009379B6 /* BackButtonLabel.swift */ = {isa = PBXFileReference; lastKnownFileType = sourcecode.swift; path = BackButtonLabel.swift; sourceTree = "<group>"; };
		0E7BF1512BCDB089009379B6 /* CreateProfileView.swift */ = {isa = PBXFileReference; lastKnownFileType = sourcecode.swift; path = CreateProfileView.swift; sourceTree = "<group>"; };
		0E7BF1532BCDB99D009379B6 /* XButtonLabel.swift */ = {isa = PBXFileReference; lastKnownFileType = sourcecode.swift; path = XButtonLabel.swift; sourceTree = "<group>"; };
/* End PBXFileReference section */

/* Begin PBXFrameworksBuildPhase section */
		0E4ED2892BBEFA1100C34A8F /* Frameworks */ = {
			isa = PBXFrameworksBuildPhase;
			buildActionMask = 2147483647;
			files = (
			);
			runOnlyForDeploymentPostprocessing = 0;
		};
		0E4ED2992BBEFA1300C34A8F /* Frameworks */ = {
			isa = PBXFrameworksBuildPhase;
			buildActionMask = 2147483647;
			files = (
			);
			runOnlyForDeploymentPostprocessing = 0;
		};
		0E4ED2A32BBEFA1300C34A8F /* Frameworks */ = {
			isa = PBXFrameworksBuildPhase;
			buildActionMask = 2147483647;
			files = (
			);
			runOnlyForDeploymentPostprocessing = 0;
		};
/* End PBXFrameworksBuildPhase section */

/* Begin PBXGroup section */
		0E4ED2832BBEFA1100C34A8F = {
			isa = PBXGroup;
			children = (
				0E4ED28E2BBEFA1100C34A8F /* Airbnb */,
				0E4ED29F2BBEFA1300C34A8F /* AirbnbTests */,
				0E4ED2A92BBEFA1300C34A8F /* AirbnbUITests */,
				0E4ED28D2BBEFA1100C34A8F /* Products */,
			);
			sourceTree = "<group>";
		};
		0E4ED28D2BBEFA1100C34A8F /* Products */ = {
			isa = PBXGroup;
			children = (
				0E4ED28C2BBEFA1100C34A8F /* Airbnb.app */,
				0E4ED29C2BBEFA1300C34A8F /* AirbnbTests.xctest */,
				0E4ED2A62BBEFA1300C34A8F /* AirbnbUITests.xctest */,
			);
			name = Products;
			sourceTree = "<group>";
		};
		0E4ED28E2BBEFA1100C34A8F /* Airbnb */ = {
			isa = PBXGroup;
			children = (
				0E72753F2BC69E7100B1778D /* Models */,
				0E4ED2BB2BBEFC4E00C34A8F /* App */,
				0E4ED2BA2BBEFC0400C34A8F /* Core */,
				0E4ED2BD2BBEFC7500C34A8F /* Utils */,
				0E4ED2932BBEFA1300C34A8F /* Assets.xcassets */,
				0E4ED2952BBEFA1300C34A8F /* Preview Content */,
			);
			path = Airbnb;
			sourceTree = "<group>";
		};
		0E4ED2952BBEFA1300C34A8F /* Preview Content */ = {
			isa = PBXGroup;
			children = (
				0E4ED2962BBEFA1300C34A8F /* Preview Assets.xcassets */,
			);
			path = "Preview Content";
			sourceTree = "<group>";
		};
		0E4ED29F2BBEFA1300C34A8F /* AirbnbTests */ = {
			isa = PBXGroup;
			children = (
				0E4ED2A02BBEFA1300C34A8F /* AirbnbTests.swift */,
			);
			path = AirbnbTests;
			sourceTree = "<group>";
		};
		0E4ED2A92BBEFA1300C34A8F /* AirbnbUITests */ = {
			isa = PBXGroup;
			children = (
				0E4ED2AA2BBEFA1300C34A8F /* AirbnbUITests.swift */,
				0E4ED2AC2BBEFA1300C34A8F /* AirbnbUITestsLaunchTests.swift */,
			);
			path = AirbnbUITests;
			sourceTree = "<group>";
		};
		0E4ED2B92BBEFBFD00C34A8F /* Components */ = {
			isa = PBXGroup;
			children = (
				0E4ED2C42BC0007300C34A8F /* TextFieldCustom.swift */,
				0E7BF14F2BCD8D40009379B6 /* BackButtonLabel.swift */,
				0E7BF1532BCDB99D009379B6 /* XButtonLabel.swift */,
				0E20FE172BCAA4EF00DBAEA2 /* ButtonLabelWithColor.swift */,
				0E4ED2C62BC001B300C34A8F /* ButtonLabelWithRectangle.swift */,
				0E7275372BC5401B00B1778D /* SearchBarCustom.swift */,
				0E72753B2BC5900200B1778D /* BubbleArrayList.swift */,
				0E72753D2BC6800D00B1778D /* PropertyTypeLabel.swift */,
				0E7275422BC6A05C00B1778D /* CheckboxShape.swift */,
				0E7275442BC6B6FB00B1778D /* OptionsList.swift */,
				0E7275462BC6D43300B1778D /* BookingOption.swift */,
				0E7800C02BC80321007130E5 /* PropertyTypesMenu.swift */,
				0E7800CA2BC94310007130E5 /* ImageSwiper.swift */,
				0E7800D22BC98131007130E5 /* ImagesSwiperWithCounter.swift */,
				0E7800CE2BC96E3C007130E5 /* LoveButton.swift */,
				0E7800D02BC97217007130E5 /* RatingCounter.swift */,
				0E20FE1B2BCAB65600DBAEA2 /* AirbnbYourPlace.swift */,
				0E20FE1D2BCAC03900DBAEA2 /* SettingsItemLabel.swift */,
				0E7BF14D2BCD8513009379B6 /* PersonalInfoItem.swift */,
			);
			path = Components;
			sourceTree = "<group>";
		};
		0E4ED2BA2BBEFC0400C34A8F /* Core */ = {
			isa = PBXGroup;
			children = (
				0E4ED2BC2BBEFC6A00C34A8F /* Authentification */,
				0E4ED2BF2BBEFD0400C34A8F /* TabBar */,
				0E4ED2D62BC066CD00C34A8F /* Explore */,
				0E4ED2D22BC0664400C34A8F /* Wishlists */,
				0E4ED2D32BC0668000C34A8F /* Trips */,
				0E4ED2D42BC0668F00C34A8F /* Inbox */,
				0E4ED2D52BC066AF00C34A8F /* Profile */,
				0E4ED2CA2BC04F0D00C34A8F /* ViewModifier */,
				0E4ED2B92BBEFBFD00C34A8F /* Components */,
			);
			path = Core;
			sourceTree = "<group>";
		};
		0E4ED2BB2BBEFC4E00C34A8F /* App */ = {
			isa = PBXGroup;
			children = (
				0E4ED28F2BBEFA1100C34A8F /* AirbnbApp.swift */,
			);
			path = App;
			sourceTree = "<group>";
		};
		0E4ED2BC2BBEFC6A00C34A8F /* Authentification */ = {
			isa = PBXGroup;
			children = (
				0E4ED2C22BBFEF7E00C34A8F /* AuthentificationView.swift */,
				0E4ED2C82BC0232D00C34A8F /* SignupView.swift */,
				0E4ED2CD2BC055FA00C34A8F /* AddPassword.swift */,
			);
			path = Authentification;
			sourceTree = "<group>";
		};
		0E4ED2BD2BBEFC7500C34A8F /* Utils */ = {
			isa = PBXGroup;
			children = (
				0E20FE192BCAA96000DBAEA2 /* Colors.swift */,
			);
			path = Utils;
			sourceTree = "<group>";
		};
		0E4ED2BF2BBEFD0400C34A8F /* TabBar */ = {
			isa = PBXGroup;
			children = (
				0E4ED2912BBEFA1100C34A8F /* TabBarView.swift */,
			);
			path = TabBar;
			sourceTree = "<group>";
		};
		0E4ED2CA2BC04F0D00C34A8F /* ViewModifier */ = {
			isa = PBXGroup;
			children = (
				0E4ED2CB2BC04F3300C34A8F /* TextAuthentificationForm.swift */,
			);
			path = ViewModifier;
			sourceTree = "<group>";
		};
		0E4ED2D22BC0664400C34A8F /* Wishlists */ = {
			isa = PBXGroup;
			children = (
				0E4ED2D92BC0670B00C34A8F /* WishlistsView.swift */,
			);
			path = Wishlists;
			sourceTree = "<group>";
		};
		0E4ED2D32BC0668000C34A8F /* Trips */ = {
			isa = PBXGroup;
			children = (
				0E4ED2DB2BC0672E00C34A8F /* TripsView.swift */,
			);
			path = Trips;
			sourceTree = "<group>";
		};
		0E4ED2D42BC0668F00C34A8F /* Inbox */ = {
			isa = PBXGroup;
			children = (
				0E4ED2DD2BC0674700C34A8F /* InboxView.swift */,
			);
			path = Inbox;
			sourceTree = "<group>";
		};
		0E4ED2D52BC066AF00C34A8F /* Profile */ = {
			isa = PBXGroup;
			children = (
				0E4ED2DF2BC0675200C34A8F /* ProfileView.swift */,
				0E20FE132BCAA2B900DBAEA2 /* ProfileWithUserView.swift */,
				0E20FE152BCAA2E600DBAEA2 /* ProfileWithGuestUserView.swift */,
				0E7BF1472BCD53C0009379B6 /* ShowProfileView.swift */,
				0E7BF1512BCDB089009379B6 /* CreateProfileView.swift */,
				0E7BF1492BCD53DC009379B6 /* AirbnbYourPlaceView.swift */,
				0E7BF1142BCD2AD1009379B6 /* ProfileSubviews */,
			);
			path = Profile;
			sourceTree = "<group>";
		};
		0E4ED2D62BC066CD00C34A8F /* Explore */ = {
			isa = PBXGroup;
			children = (
				0E4ED2D72BC066EE00C34A8F /* ExploreView.swift */,
				0E7800C22BC92FC7007130E5 /* PostView.swift */,
				0E7800CC2BC96B96007130E5 /* PostDetailsView.swift */,
				0E7275392BC5467200B1778D /* ExploreFilterView.swift */,
			);
			path = Explore;
			sourceTree = "<group>";
		};
		0E72753F2BC69E7100B1778D /* Models */ = {
			isa = PBXGroup;
			children = (
				0E7800BE2BC7D923007130E5 /* HardcodedData.swift */,
				0E7800C42BC93683007130E5 /* Post.swift */,
				0E7800C62BC936DD007130E5 /* User.swift */,
			);
			path = Models;
			sourceTree = "<group>";
		};
		0E7BF1142BCD2AD1009379B6 /* ProfileSubviews */ = {
			isa = PBXGroup;
			children = (
				0E7BF13D2BCD2D91009379B6 /* Settings */,
				0E7BF1422BCD3138009379B6 /* SettingsUserNil */,
				0E7BF13E2BCD2DB1009379B6 /* Hosting */,
				0E7BF13F2BCD2DD3009379B6 /* Tools */,
				0E7BF1402BCD2DE5009379B6 /* Support */,
				0E7BF1412BCD2E00009379B6 /* Legal */,
			);
			path = ProfileSubviews;
			sourceTree = "<group>";
		};
		0E7BF13D2BCD2D91009379B6 /* Settings */ = {
			isa = PBXGroup;
			children = (
				0E7BF1152BCD2B76009379B6 /* PersonalInformationView.swift */,
				0E7BF1172BCD2B97009379B6 /* PaymentsAndPayoutsView.swift */,
				0E7BF1192BCD2BA6009379B6 /* TaxesView.swift */,
				0E7BF11B2BCD2BB8009379B6 /* LoginAndSecurityView.swift */,
				0E7BF11D2BCD2BCC009379B6 /* AccessibilityView.swift */,
				0E7BF11F2BCD2BDA009379B6 /* TranslationView.swift */,
				0E7BF1212BCD2BE9009379B6 /* NotificationsView.swift */,
				0E7BF1232BCD2C03009379B6 /* PrivacyAndSharingView.swift */,
			);
			path = Settings;
			sourceTree = "<group>";
		};
		0E7BF13E2BCD2DB1009379B6 /* Hosting */ = {
			isa = PBXGroup;
			children = (
				0E7BF1252BCD2C1F009379B6 /* SwitchToHostingView.swift */,
				0E7BF1272BCD2C54009379B6 /* ListYourSpaceView.swift */,
				0E7BF1292BCD2C65009379B6 /* YourGuidebooksView.swift */,
			);
			path = Hosting;
			sourceTree = "<group>";
		};
		0E7BF13F2BCD2DD3009379B6 /* Tools */ = {
			isa = PBXGroup;
			children = (
				0E7BF12B2BCD2C7A009379B6 /* SiriSettingsView.swift */,
			);
			path = Tools;
			sourceTree = "<group>";
		};
		0E7BF1402BCD2DE5009379B6 /* Support */ = {
			isa = PBXGroup;
			children = (
				0E7BF14B2BCD7169009379B6 /* HelpCentreView.swift */,
				0E7BF12F2BCD2CB3009379B6 /* SafetyIssueView.swift */,
				0E7BF1312BCD2CC1009379B6 /* ReportView.swift */,
				0E7BF1332BCD2CE1009379B6 /* GetHelpView.swift */,
				0E7BF12D2BCD2C9A009379B6 /* HowAirbnbWorksView.swift */,
				0E7BF1352BCD2CF3009379B6 /* FeedbackView.swift */,
			);
			path = Support;
			sourceTree = "<group>";
		};
		0E7BF1412BCD2E00009379B6 /* Legal */ = {
			isa = PBXGroup;
			children = (
				0E7BF1372BCD2D08009379B6 /* TermsOfServiceView.swift */,
				0E7BF1392BCD2D1B009379B6 /* PrivacyPolicyView.swift */,
				0E7BF13B2BCD2D8C009379B6 /* OpenSourceLicencesView.swift */,
			);
			path = Legal;
			sourceTree = "<group>";
		};
		0E7BF1422BCD3138009379B6 /* SettingsUserNil */ = {
			isa = PBXGroup;
			children = (
				0E7BF1432BCD3152009379B6 /* SettingsView.swift */,
				0E7BF1452BCD316A009379B6 /* ThirdPartyToolsView.swift */,
			);
			path = SettingsUserNil;
			sourceTree = "<group>";
		};
/* End PBXGroup section */

/* Begin PBXNativeTarget section */
		0E4ED28B2BBEFA1100C34A8F /* Airbnb */ = {
			isa = PBXNativeTarget;
			buildConfigurationList = 0E4ED2B02BBEFA1300C34A8F /* Build configuration list for PBXNativeTarget "Airbnb" */;
			buildPhases = (
				0E4ED2882BBEFA1100C34A8F /* Sources */,
				0E4ED2892BBEFA1100C34A8F /* Frameworks */,
				0E4ED28A2BBEFA1100C34A8F /* Resources */,
			);
			buildRules = (
			);
			dependencies = (
			);
			name = Airbnb;
			productName = Airbnb;
			productReference = 0E4ED28C2BBEFA1100C34A8F /* Airbnb.app */;
			productType = "com.apple.product-type.application";
		};
		0E4ED29B2BBEFA1300C34A8F /* AirbnbTests */ = {
			isa = PBXNativeTarget;
			buildConfigurationList = 0E4ED2B32BBEFA1300C34A8F /* Build configuration list for PBXNativeTarget "AirbnbTests" */;
			buildPhases = (
				0E4ED2982BBEFA1300C34A8F /* Sources */,
				0E4ED2992BBEFA1300C34A8F /* Frameworks */,
				0E4ED29A2BBEFA1300C34A8F /* Resources */,
			);
			buildRules = (
			);
			dependencies = (
				0E4ED29E2BBEFA1300C34A8F /* PBXTargetDependency */,
			);
			name = AirbnbTests;
			productName = AirbnbTests;
			productReference = 0E4ED29C2BBEFA1300C34A8F /* AirbnbTests.xctest */;
			productType = "com.apple.product-type.bundle.unit-test";
		};
		0E4ED2A52BBEFA1300C34A8F /* AirbnbUITests */ = {
			isa = PBXNativeTarget;
			buildConfigurationList = 0E4ED2B62BBEFA1300C34A8F /* Build configuration list for PBXNativeTarget "AirbnbUITests" */;
			buildPhases = (
				0E4ED2A22BBEFA1300C34A8F /* Sources */,
				0E4ED2A32BBEFA1300C34A8F /* Frameworks */,
				0E4ED2A42BBEFA1300C34A8F /* Resources */,
			);
			buildRules = (
			);
			dependencies = (
				0E4ED2A82BBEFA1300C34A8F /* PBXTargetDependency */,
			);
			name = AirbnbUITests;
			productName = AirbnbUITests;
			productReference = 0E4ED2A62BBEFA1300C34A8F /* AirbnbUITests.xctest */;
			productType = "com.apple.product-type.bundle.ui-testing";
		};
/* End PBXNativeTarget section */

/* Begin PBXProject section */
		0E4ED2842BBEFA1100C34A8F /* Project object */ = {
			isa = PBXProject;
			attributes = {
				BuildIndependentTargetsInParallel = 1;
				LastSwiftUpdateCheck = 1420;
				LastUpgradeCheck = 1420;
				TargetAttributes = {
					0E4ED28B2BBEFA1100C34A8F = {
						CreatedOnToolsVersion = 14.2;
					};
					0E4ED29B2BBEFA1300C34A8F = {
						CreatedOnToolsVersion = 14.2;
						TestTargetID = 0E4ED28B2BBEFA1100C34A8F;
					};
					0E4ED2A52BBEFA1300C34A8F = {
						CreatedOnToolsVersion = 14.2;
						TestTargetID = 0E4ED28B2BBEFA1100C34A8F;
					};
				};
			};
			buildConfigurationList = 0E4ED2872BBEFA1100C34A8F /* Build configuration list for PBXProject "Airbnb" */;
			compatibilityVersion = "Xcode 14.0";
			developmentRegion = en;
			hasScannedForEncodings = 0;
			knownRegions = (
				en,
				Base,
			);
			mainGroup = 0E4ED2832BBEFA1100C34A8F;
			productRefGroup = 0E4ED28D2BBEFA1100C34A8F /* Products */;
			projectDirPath = "";
			projectRoot = "";
			targets = (
				0E4ED28B2BBEFA1100C34A8F /* Airbnb */,
				0E4ED29B2BBEFA1300C34A8F /* AirbnbTests */,
				0E4ED2A52BBEFA1300C34A8F /* AirbnbUITests */,
			);
		};
/* End PBXProject section */

/* Begin PBXResourcesBuildPhase section */
		0E4ED28A2BBEFA1100C34A8F /* Resources */ = {
			isa = PBXResourcesBuildPhase;
			buildActionMask = 2147483647;
			files = (
				0E4ED2972BBEFA1300C34A8F /* Preview Assets.xcassets in Resources */,
				0E4ED2942BBEFA1300C34A8F /* Assets.xcassets in Resources */,
			);
			runOnlyForDeploymentPostprocessing = 0;
		};
		0E4ED29A2BBEFA1300C34A8F /* Resources */ = {
			isa = PBXResourcesBuildPhase;
			buildActionMask = 2147483647;
			files = (
			);
			runOnlyForDeploymentPostprocessing = 0;
		};
		0E4ED2A42BBEFA1300C34A8F /* Resources */ = {
			isa = PBXResourcesBuildPhase;
			buildActionMask = 2147483647;
			files = (
			);
			runOnlyForDeploymentPostprocessing = 0;
		};
/* End PBXResourcesBuildPhase section */

/* Begin PBXSourcesBuildPhase section */
		0E4ED2882BBEFA1100C34A8F /* Sources */ = {
			isa = PBXSourcesBuildPhase;
			buildActionMask = 2147483647;
			files = (
				0E20FE182BCAA4EF00DBAEA2 /* ButtonLabelWithColor.swift in Sources */,
				0E7BF1542BCDB99D009379B6 /* XButtonLabel.swift in Sources */,
				0E7BF14C2BCD7169009379B6 /* HelpCentreView.swift in Sources */,
				0E7800CD2BC96B96007130E5 /* PostDetailsView.swift in Sources */,
				0E7BF1222BCD2BE9009379B6 /* NotificationsView.swift in Sources */,
				0E7BF1462BCD316A009379B6 /* ThirdPartyToolsView.swift in Sources */,
				0E4ED2CE2BC055FA00C34A8F /* AddPassword.swift in Sources */,
				0E7BF12C2BCD2C7A009379B6 /* SiriSettingsView.swift in Sources */,
				0E20FE1A2BCAA96000DBAEA2 /* Colors.swift in Sources */,
				0E7800C12BC80321007130E5 /* PropertyTypesMenu.swift in Sources */,
				0E4ED2E02BC0675200C34A8F /* ProfileView.swift in Sources */,
				0E20FE142BCAA2B900DBAEA2 /* ProfileWithUserView.swift in Sources */,
				0E7800C72BC936DD007130E5 /* User.swift in Sources */,
				0E7BF13A2BCD2D1B009379B6 /* PrivacyPolicyView.swift in Sources */,
				0E7BF1322BCD2CC1009379B6 /* ReportView.swift in Sources */,
				0E7800CF2BC96E3C007130E5 /* LoveButton.swift in Sources */,
				0E7800C52BC93683007130E5 /* Post.swift in Sources */,
				0E20FE162BCAA2E600DBAEA2 /* ProfileWithGuestUserView.swift in Sources */,
				0E7BF1202BCD2BDA009379B6 /* TranslationView.swift in Sources */,
				0E4ED2DE2BC0674700C34A8F /* InboxView.swift in Sources */,
				0E7BF1302BCD2CB3009379B6 /* SafetyIssueView.swift in Sources */,
				0E7BF1442BCD3152009379B6 /* SettingsView.swift in Sources */,
				0E20FE1C2BCAB65600DBAEA2 /* AirbnbYourPlace.swift in Sources */,
				0E7BF1502BCD8D40009379B6 /* BackButtonLabel.swift in Sources */,
				0E4ED2D82BC066EE00C34A8F /* ExploreView.swift in Sources */,
				0E20FE1E2BCAC03900DBAEA2 /* SettingsItemLabel.swift in Sources */,
				0E7BF1482BCD53C0009379B6 /* ShowProfileView.swift in Sources */,
				0E7275452BC6B6FB00B1778D /* OptionsList.swift in Sources */,
				0E4ED2C52BC0007300C34A8F /* TextFieldCustom.swift in Sources */,
				0E7800BF2BC7D923007130E5 /* HardcodedData.swift in Sources */,
				0E7BF1262BCD2C1F009379B6 /* SwitchToHostingView.swift in Sources */,
				0E7275382BC5401B00B1778D /* SearchBarCustom.swift in Sources */,
				0E7BF1362BCD2CF3009379B6 /* FeedbackView.swift in Sources */,
				0E4ED2922BBEFA1100C34A8F /* TabBarView.swift in Sources */,
				0E7800D12BC97217007130E5 /* RatingCounter.swift in Sources */,
				0E7BF1242BCD2C03009379B6 /* PrivacyAndSharingView.swift in Sources */,
				0E7BF11A2BCD2BA6009379B6 /* TaxesView.swift in Sources */,
				0E7BF12E2BCD2C9A009379B6 /* HowAirbnbWorksView.swift in Sources */,
				0E7BF12A2BCD2C65009379B6 /* YourGuidebooksView.swift in Sources */,
				0E7BF1182BCD2B97009379B6 /* PaymentsAndPayoutsView.swift in Sources */,
				0E72753C2BC5900200B1778D /* BubbleArrayList.swift in Sources */,
				0E7800CB2BC94310007130E5 /* ImageSwiper.swift in Sources */,
				0E7BF1382BCD2D08009379B6 /* TermsOfServiceView.swift in Sources */,
				0E7275432BC6A05C00B1778D /* CheckboxShape.swift in Sources */,
				0E72753E2BC6800D00B1778D /* PropertyTypeLabel.swift in Sources */,
				0E7BF11E2BCD2BCC009379B6 /* AccessibilityView.swift in Sources */,
				0E7BF1282BCD2C54009379B6 /* ListYourSpaceView.swift in Sources */,
				0E4ED2CC2BC04F3300C34A8F /* TextAuthentificationForm.swift in Sources */,
				0E7BF1162BCD2B76009379B6 /* PersonalInformationView.swift in Sources */,
				0E7BF13C2BCD2D8C009379B6 /* OpenSourceLicencesView.swift in Sources */,
				0E7BF14E2BCD8513009379B6 /* PersonalInfoItem.swift in Sources */,
				0E7BF1522BCDB089009379B6 /* CreateProfileView.swift in Sources */,
				0E7BF1342BCD2CE1009379B6 /* GetHelpView.swift in Sources */,
				0E7BF11C2BCD2BB8009379B6 /* LoginAndSecurityView.swift in Sources */,
				0E7800C32BC92FC7007130E5 /* PostView.swift in Sources */,
				0E7275472BC6D43300B1778D /* BookingOption.swift in Sources */,
				0E4ED2902BBEFA1100C34A8F /* AirbnbApp.swift in Sources */,
				0E4ED2C72BC001B300C34A8F /* ButtonLabelWithRectangle.swift in Sources */,
				0E4ED2DA2BC0670B00C34A8F /* WishlistsView.swift in Sources */,
				0E4ED2C32BBFEF7E00C34A8F /* AuthentificationView.swift in Sources */,
				0E7800D32BC98131007130E5 /* ImagesSwiperWithCounter.swift in Sources */,
				0E4ED2DC2BC0672E00C34A8F /* TripsView.swift in Sources */,
				0E7BF14A2BCD53DC009379B6 /* AirbnbYourPlaceView.swift in Sources */,
				0E4ED2C92BC0232D00C34A8F /* SignupView.swift in Sources */,
				0E72753A2BC5467200B1778D /* ExploreFilterView.swift in Sources */,
			);
			runOnlyForDeploymentPostprocessing = 0;
		};
		0E4ED2982BBEFA1300C34A8F /* Sources */ = {
			isa = PBXSourcesBuildPhase;
			buildActionMask = 2147483647;
			files = (
				0E4ED2A12BBEFA1300C34A8F /* AirbnbTests.swift in Sources */,
			);
			runOnlyForDeploymentPostprocessing = 0;
		};
		0E4ED2A22BBEFA1300C34A8F /* Sources */ = {
			isa = PBXSourcesBuildPhase;
			buildActionMask = 2147483647;
			files = (
				0E4ED2AD2BBEFA1300C34A8F /* AirbnbUITestsLaunchTests.swift in Sources */,
				0E4ED2AB2BBEFA1300C34A8F /* AirbnbUITests.swift in Sources */,
			);
			runOnlyForDeploymentPostprocessing = 0;
		};
/* End PBXSourcesBuildPhase section */

/* Begin PBXTargetDependency section */
		0E4ED29E2BBEFA1300C34A8F /* PBXTargetDependency */ = {
			isa = PBXTargetDependency;
			target = 0E4ED28B2BBEFA1100C34A8F /* Airbnb */;
			targetProxy = 0E4ED29D2BBEFA1300C34A8F /* PBXContainerItemProxy */;
		};
		0E4ED2A82BBEFA1300C34A8F /* PBXTargetDependency */ = {
			isa = PBXTargetDependency;
			target = 0E4ED28B2BBEFA1100C34A8F /* Airbnb */;
			targetProxy = 0E4ED2A72BBEFA1300C34A8F /* PBXContainerItemProxy */;
		};
/* End PBXTargetDependency section */

/* Begin XCBuildConfiguration section */
		0E4ED2AE2BBEFA1300C34A8F /* Debug */ = {
			isa = XCBuildConfiguration;
			buildSettings = {
				ALWAYS_SEARCH_USER_PATHS = NO;
				CLANG_ANALYZER_NONNULL = YES;
				CLANG_ANALYZER_NUMBER_OBJECT_CONVERSION = YES_AGGRESSIVE;
				CLANG_CXX_LANGUAGE_STANDARD = "gnu++20";
				CLANG_ENABLE_MODULES = YES;
				CLANG_ENABLE_OBJC_ARC = YES;
				CLANG_ENABLE_OBJC_WEAK = YES;
				CLANG_WARN_BLOCK_CAPTURE_AUTORELEASING = YES;
				CLANG_WARN_BOOL_CONVERSION = YES;
				CLANG_WARN_COMMA = YES;
				CLANG_WARN_CONSTANT_CONVERSION = YES;
				CLANG_WARN_DEPRECATED_OBJC_IMPLEMENTATIONS = YES;
				CLANG_WARN_DIRECT_OBJC_ISA_USAGE = YES_ERROR;
				CLANG_WARN_DOCUMENTATION_COMMENTS = YES;
				CLANG_WARN_EMPTY_BODY = YES;
				CLANG_WARN_ENUM_CONVERSION = YES;
				CLANG_WARN_INFINITE_RECURSION = YES;
				CLANG_WARN_INT_CONVERSION = YES;
				CLANG_WARN_NON_LITERAL_NULL_CONVERSION = YES;
				CLANG_WARN_OBJC_IMPLICIT_RETAIN_SELF = YES;
				CLANG_WARN_OBJC_LITERAL_CONVERSION = YES;
				CLANG_WARN_OBJC_ROOT_CLASS = YES_ERROR;
				CLANG_WARN_QUOTED_INCLUDE_IN_FRAMEWORK_HEADER = YES;
				CLANG_WARN_RANGE_LOOP_ANALYSIS = YES;
				CLANG_WARN_STRICT_PROTOTYPES = YES;
				CLANG_WARN_SUSPICIOUS_MOVE = YES;
				CLANG_WARN_UNGUARDED_AVAILABILITY = YES_AGGRESSIVE;
				CLANG_WARN_UNREACHABLE_CODE = YES;
				CLANG_WARN__DUPLICATE_METHOD_MATCH = YES;
				COPY_PHASE_STRIP = NO;
				DEBUG_INFORMATION_FORMAT = dwarf;
				ENABLE_STRICT_OBJC_MSGSEND = YES;
				ENABLE_TESTABILITY = YES;
				GCC_C_LANGUAGE_STANDARD = gnu11;
				GCC_DYNAMIC_NO_PIC = NO;
				GCC_NO_COMMON_BLOCKS = YES;
				GCC_OPTIMIZATION_LEVEL = 0;
				GCC_PREPROCESSOR_DEFINITIONS = (
					"DEBUG=1",
					"$(inherited)",
				);
				GCC_WARN_64_TO_32_BIT_CONVERSION = YES;
				GCC_WARN_ABOUT_RETURN_TYPE = YES_ERROR;
				GCC_WARN_UNDECLARED_SELECTOR = YES;
				GCC_WARN_UNINITIALIZED_AUTOS = YES_AGGRESSIVE;
				GCC_WARN_UNUSED_FUNCTION = YES;
				GCC_WARN_UNUSED_VARIABLE = YES;
				IPHONEOS_DEPLOYMENT_TARGET = 16.2;
				MTL_ENABLE_DEBUG_INFO = INCLUDE_SOURCE;
				MTL_FAST_MATH = YES;
				ONLY_ACTIVE_ARCH = YES;
				SDKROOT = iphoneos;
				SWIFT_ACTIVE_COMPILATION_CONDITIONS = DEBUG;
				SWIFT_OPTIMIZATION_LEVEL = "-Onone";
			};
			name = Debug;
		};
		0E4ED2AF2BBEFA1300C34A8F /* Release */ = {
			isa = XCBuildConfiguration;
			buildSettings = {
				ALWAYS_SEARCH_USER_PATHS = NO;
				CLANG_ANALYZER_NONNULL = YES;
				CLANG_ANALYZER_NUMBER_OBJECT_CONVERSION = YES_AGGRESSIVE;
				CLANG_CXX_LANGUAGE_STANDARD = "gnu++20";
				CLANG_ENABLE_MODULES = YES;
				CLANG_ENABLE_OBJC_ARC = YES;
				CLANG_ENABLE_OBJC_WEAK = YES;
				CLANG_WARN_BLOCK_CAPTURE_AUTORELEASING = YES;
				CLANG_WARN_BOOL_CONVERSION = YES;
				CLANG_WARN_COMMA = YES;
				CLANG_WARN_CONSTANT_CONVERSION = YES;
				CLANG_WARN_DEPRECATED_OBJC_IMPLEMENTATIONS = YES;
				CLANG_WARN_DIRECT_OBJC_ISA_USAGE = YES_ERROR;
				CLANG_WARN_DOCUMENTATION_COMMENTS = YES;
				CLANG_WARN_EMPTY_BODY = YES;
				CLANG_WARN_ENUM_CONVERSION = YES;
				CLANG_WARN_INFINITE_RECURSION = YES;
				CLANG_WARN_INT_CONVERSION = YES;
				CLANG_WARN_NON_LITERAL_NULL_CONVERSION = YES;
				CLANG_WARN_OBJC_IMPLICIT_RETAIN_SELF = YES;
				CLANG_WARN_OBJC_LITERAL_CONVERSION = YES;
				CLANG_WARN_OBJC_ROOT_CLASS = YES_ERROR;
				CLANG_WARN_QUOTED_INCLUDE_IN_FRAMEWORK_HEADER = YES;
				CLANG_WARN_RANGE_LOOP_ANALYSIS = YES;
				CLANG_WARN_STRICT_PROTOTYPES = YES;
				CLANG_WARN_SUSPICIOUS_MOVE = YES;
				CLANG_WARN_UNGUARDED_AVAILABILITY = YES_AGGRESSIVE;
				CLANG_WARN_UNREACHABLE_CODE = YES;
				CLANG_WARN__DUPLICATE_METHOD_MATCH = YES;
				COPY_PHASE_STRIP = NO;
				DEBUG_INFORMATION_FORMAT = "dwarf-with-dsym";
				ENABLE_NS_ASSERTIONS = NO;
				ENABLE_STRICT_OBJC_MSGSEND = YES;
				GCC_C_LANGUAGE_STANDARD = gnu11;
				GCC_NO_COMMON_BLOCKS = YES;
				GCC_WARN_64_TO_32_BIT_CONVERSION = YES;
				GCC_WARN_ABOUT_RETURN_TYPE = YES_ERROR;
				GCC_WARN_UNDECLARED_SELECTOR = YES;
				GCC_WARN_UNINITIALIZED_AUTOS = YES_AGGRESSIVE;
				GCC_WARN_UNUSED_FUNCTION = YES;
				GCC_WARN_UNUSED_VARIABLE = YES;
				IPHONEOS_DEPLOYMENT_TARGET = 16.2;
				MTL_ENABLE_DEBUG_INFO = NO;
				MTL_FAST_MATH = YES;
				SDKROOT = iphoneos;
				SWIFT_COMPILATION_MODE = wholemodule;
				SWIFT_OPTIMIZATION_LEVEL = "-O";
				VALIDATE_PRODUCT = YES;
			};
			name = Release;
		};
		0E4ED2B12BBEFA1300C34A8F /* Debug */ = {
			isa = XCBuildConfiguration;
			buildSettings = {
				ASSETCATALOG_COMPILER_APPICON_NAME = AppIcon;
				ASSETCATALOG_COMPILER_GLOBAL_ACCENT_COLOR_NAME = AccentColor;
				CODE_SIGN_STYLE = Automatic;
				CURRENT_PROJECT_VERSION = 1;
				DEVELOPMENT_ASSET_PATHS = "\"Airbnb/Preview Content\"";
				DEVELOPMENT_TEAM = 5ZQD66TR3H;
				ENABLE_PREVIEWS = YES;
				GENERATE_INFOPLIST_FILE = YES;
				INFOPLIST_KEY_UIApplicationSceneManifest_Generation = YES;
				INFOPLIST_KEY_UIApplicationSupportsIndirectInputEvents = YES;
				INFOPLIST_KEY_UILaunchScreen_Generation = YES;
				INFOPLIST_KEY_UISupportedInterfaceOrientations_iPad = "UIInterfaceOrientationPortrait UIInterfaceOrientationPortraitUpsideDown UIInterfaceOrientationLandscapeLeft UIInterfaceOrientationLandscapeRight";
				INFOPLIST_KEY_UISupportedInterfaceOrientations_iPhone = "UIInterfaceOrientationPortrait UIInterfaceOrientationLandscapeLeft UIInterfaceOrientationLandscapeRight";
				LD_RUNPATH_SEARCH_PATHS = (
					"$(inherited)",
					"@executable_path/Frameworks",
				);
				MARKETING_VERSION = 1.0;
				PRODUCT_BUNDLE_IDENTIFIER = "Dan-Hozan.Airbnb";
				PRODUCT_NAME = "$(TARGET_NAME)";
				SWIFT_EMIT_LOC_STRINGS = YES;
				SWIFT_VERSION = 5.0;
				TARGETED_DEVICE_FAMILY = "1,2";
			};
			name = Debug;
		};
		0E4ED2B22BBEFA1300C34A8F /* Release */ = {
			isa = XCBuildConfiguration;
			buildSettings = {
				ASSETCATALOG_COMPILER_APPICON_NAME = AppIcon;
				ASSETCATALOG_COMPILER_GLOBAL_ACCENT_COLOR_NAME = AccentColor;
				CODE_SIGN_STYLE = Automatic;
				CURRENT_PROJECT_VERSION = 1;
				DEVELOPMENT_ASSET_PATHS = "\"Airbnb/Preview Content\"";
				DEVELOPMENT_TEAM = 5ZQD66TR3H;
				ENABLE_PREVIEWS = YES;
				GENERATE_INFOPLIST_FILE = YES;
				INFOPLIST_KEY_UIApplicationSceneManifest_Generation = YES;
				INFOPLIST_KEY_UIApplicationSupportsIndirectInputEvents = YES;
				INFOPLIST_KEY_UILaunchScreen_Generation = YES;
				INFOPLIST_KEY_UISupportedInterfaceOrientations_iPad = "UIInterfaceOrientationPortrait UIInterfaceOrientationPortraitUpsideDown UIInterfaceOrientationLandscapeLeft UIInterfaceOrientationLandscapeRight";
				INFOPLIST_KEY_UISupportedInterfaceOrientations_iPhone = "UIInterfaceOrientationPortrait UIInterfaceOrientationLandscapeLeft UIInterfaceOrientationLandscapeRight";
				LD_RUNPATH_SEARCH_PATHS = (
					"$(inherited)",
					"@executable_path/Frameworks",
				);
				MARKETING_VERSION = 1.0;
				PRODUCT_BUNDLE_IDENTIFIER = "Dan-Hozan.Airbnb";
				PRODUCT_NAME = "$(TARGET_NAME)";
				SWIFT_EMIT_LOC_STRINGS = YES;
				SWIFT_VERSION = 5.0;
				TARGETED_DEVICE_FAMILY = "1,2";
			};
			name = Release;
		};
		0E4ED2B42BBEFA1300C34A8F /* Debug */ = {
			isa = XCBuildConfiguration;
			buildSettings = {
				ALWAYS_EMBED_SWIFT_STANDARD_LIBRARIES = YES;
				BUNDLE_LOADER = "$(TEST_HOST)";
				CODE_SIGN_STYLE = Automatic;
				CURRENT_PROJECT_VERSION = 1;
				DEVELOPMENT_TEAM = 5ZQD66TR3H;
				GENERATE_INFOPLIST_FILE = YES;
				IPHONEOS_DEPLOYMENT_TARGET = 16.2;
				MARKETING_VERSION = 1.0;
				PRODUCT_BUNDLE_IDENTIFIER = "Dan-Hozan.AirbnbTests";
				PRODUCT_NAME = "$(TARGET_NAME)";
				SWIFT_EMIT_LOC_STRINGS = NO;
				SWIFT_VERSION = 5.0;
				TARGETED_DEVICE_FAMILY = "1,2";
				TEST_HOST = "$(BUILT_PRODUCTS_DIR)/Airbnb.app/$(BUNDLE_EXECUTABLE_FOLDER_PATH)/Airbnb";
			};
			name = Debug;
		};
		0E4ED2B52BBEFA1300C34A8F /* Release */ = {
			isa = XCBuildConfiguration;
			buildSettings = {
				ALWAYS_EMBED_SWIFT_STANDARD_LIBRARIES = YES;
				BUNDLE_LOADER = "$(TEST_HOST)";
				CODE_SIGN_STYLE = Automatic;
				CURRENT_PROJECT_VERSION = 1;
				DEVELOPMENT_TEAM = 5ZQD66TR3H;
				GENERATE_INFOPLIST_FILE = YES;
				IPHONEOS_DEPLOYMENT_TARGET = 16.2;
				MARKETING_VERSION = 1.0;
				PRODUCT_BUNDLE_IDENTIFIER = "Dan-Hozan.AirbnbTests";
				PRODUCT_NAME = "$(TARGET_NAME)";
				SWIFT_EMIT_LOC_STRINGS = NO;
				SWIFT_VERSION = 5.0;
				TARGETED_DEVICE_FAMILY = "1,2";
				TEST_HOST = "$(BUILT_PRODUCTS_DIR)/Airbnb.app/$(BUNDLE_EXECUTABLE_FOLDER_PATH)/Airbnb";
			};
			name = Release;
		};
		0E4ED2B72BBEFA1300C34A8F /* Debug */ = {
			isa = XCBuildConfiguration;
			buildSettings = {
				ALWAYS_EMBED_SWIFT_STANDARD_LIBRARIES = YES;
				CODE_SIGN_STYLE = Automatic;
				CURRENT_PROJECT_VERSION = 1;
				DEVELOPMENT_TEAM = 5ZQD66TR3H;
				GENERATE_INFOPLIST_FILE = YES;
				MARKETING_VERSION = 1.0;
				PRODUCT_BUNDLE_IDENTIFIER = "Dan-Hozan.AirbnbUITests";
				PRODUCT_NAME = "$(TARGET_NAME)";
				SWIFT_EMIT_LOC_STRINGS = NO;
				SWIFT_VERSION = 5.0;
				TARGETED_DEVICE_FAMILY = "1,2";
				TEST_TARGET_NAME = Airbnb;
			};
			name = Debug;
		};
		0E4ED2B82BBEFA1300C34A8F /* Release */ = {
			isa = XCBuildConfiguration;
			buildSettings = {
				ALWAYS_EMBED_SWIFT_STANDARD_LIBRARIES = YES;
				CODE_SIGN_STYLE = Automatic;
				CURRENT_PROJECT_VERSION = 1;
				DEVELOPMENT_TEAM = 5ZQD66TR3H;
				GENERATE_INFOPLIST_FILE = YES;
				MARKETING_VERSION = 1.0;
				PRODUCT_BUNDLE_IDENTIFIER = "Dan-Hozan.AirbnbUITests";
				PRODUCT_NAME = "$(TARGET_NAME)";
				SWIFT_EMIT_LOC_STRINGS = NO;
				SWIFT_VERSION = 5.0;
				TARGETED_DEVICE_FAMILY = "1,2";
				TEST_TARGET_NAME = Airbnb;
			};
			name = Release;
		};
/* End XCBuildConfiguration section */

/* Begin XCConfigurationList section */
		0E4ED2872BBEFA1100C34A8F /* Build configuration list for PBXProject "Airbnb" */ = {
			isa = XCConfigurationList;
			buildConfigurations = (
				0E4ED2AE2BBEFA1300C34A8F /* Debug */,
				0E4ED2AF2BBEFA1300C34A8F /* Release */,
			);
			defaultConfigurationIsVisible = 0;
			defaultConfigurationName = Release;
		};
		0E4ED2B02BBEFA1300C34A8F /* Build configuration list for PBXNativeTarget "Airbnb" */ = {
			isa = XCConfigurationList;
			buildConfigurations = (
				0E4ED2B12BBEFA1300C34A8F /* Debug */,
				0E4ED2B22BBEFA1300C34A8F /* Release */,
			);
			defaultConfigurationIsVisible = 0;
			defaultConfigurationName = Release;
		};
		0E4ED2B32BBEFA1300C34A8F /* Build configuration list for PBXNativeTarget "AirbnbTests" */ = {
			isa = XCConfigurationList;
			buildConfigurations = (
				0E4ED2B42BBEFA1300C34A8F /* Debug */,
				0E4ED2B52BBEFA1300C34A8F /* Release */,
			);
			defaultConfigurationIsVisible = 0;
			defaultConfigurationName = Release;
		};
		0E4ED2B62BBEFA1300C34A8F /* Build configuration list for PBXNativeTarget "AirbnbUITests" */ = {
			isa = XCConfigurationList;
			buildConfigurations = (
				0E4ED2B72BBEFA1300C34A8F /* Debug */,
				0E4ED2B82BBEFA1300C34A8F /* Release */,
			);
			defaultConfigurationIsVisible = 0;
			defaultConfigurationName = Release;
		};
/* End XCConfigurationList section */
	};
	rootObject = 0E4ED2842BBEFA1100C34A8F /* Project object */;
}
